// !$*UTF8*$!
{
	archiveVersion = 1;
	classes = {
	};
	objectVersion = 46;
	objects = {

/* Begin PBXBuildFile section */
		67A367011356DBE75CBE57AA /* libPods-BlocBrowser.a in Frameworks */ = {isa = PBXBuildFile; fileRef = CF17A4535B8A9D71BDA56EB2 /* libPods-BlocBrowser.a */; };
		9A35553E1B8B7B55003FBFD1 /* main.m in Sources */ = {isa = PBXBuildFile; fileRef = 9A35553D1B8B7B55003FBFD1 /* main.m */; };
		9A3555411B8B7B55003FBFD1 /* AppDelegate.m in Sources */ = {isa = PBXBuildFile; fileRef = 9A3555401B8B7B55003FBFD1 /* AppDelegate.m */; };
		9A3555441B8B7B55003FBFD1 /* ViewController.m in Sources */ = {isa = PBXBuildFile; fileRef = 9A3555431B8B7B55003FBFD1 /* ViewController.m */; };
		9A3555491B8B7B55003FBFD1 /* Images.xcassets in Resources */ = {isa = PBXBuildFile; fileRef = 9A3555481B8B7B55003FBFD1 /* Images.xcassets */; };
		9A35554C1B8B7B55003FBFD1 /* LaunchScreen.xib in Resources */ = {isa = PBXBuildFile; fileRef = 9A35554A1B8B7B55003FBFD1 /* LaunchScreen.xib */; };
		9A3555581B8B7B55003FBFD1 /* BlocBrowserTests.m in Sources */ = {isa = PBXBuildFile; fileRef = 9A3555571B8B7B55003FBFD1 /* BlocBrowserTests.m */; };
		9A3555631B8BB550003FBFD1 /* AwesomeFloatingToolbar.m in Sources */ = {isa = PBXBuildFile; fileRef = 9A3555621B8BB550003FBFD1 /* AwesomeFloatingToolbar.m */; };
/* End PBXBuildFile section */

/* Begin PBXContainerItemProxy section */
		9A3555521B8B7B55003FBFD1 /* PBXContainerItemProxy */ = {
			isa = PBXContainerItemProxy;
			containerPortal = 9A3555301B8B7B55003FBFD1 /* Project object */;
			proxyType = 1;
			remoteGlobalIDString = 9A3555371B8B7B55003FBFD1;
			remoteInfo = BlocBrowser;
		};
/* End PBXContainerItemProxy section */

/* Begin PBXFileReference section */
		25E2CD9B85998EDDB9E7ECE5 /* Pods-BlocBrowser.debug.xcconfig */ = {isa = PBXFileReference; includeInIndex = 1; lastKnownFileType = text.xcconfig; name = "Pods-BlocBrowser.debug.xcconfig"; path = "Pods/Target Support Files/Pods-BlocBrowser/Pods-BlocBrowser.debug.xcconfig"; sourceTree = "<group>"; };
		9A3555381B8B7B55003FBFD1 /* BlocBrowser.app */ = {isa = PBXFileReference; explicitFileType = wrapper.application; includeInIndex = 0; path = BlocBrowser.app; sourceTree = BUILT_PRODUCTS_DIR; };
		9A35553C1B8B7B55003FBFD1 /* Info.plist */ = {isa = PBXFileReference; lastKnownFileType = text.plist.xml; path = Info.plist; sourceTree = "<group>"; };
		9A35553D1B8B7B55003FBFD1 /* main.m */ = {isa = PBXFileReference; lastKnownFileType = sourcecode.c.objc; path = main.m; sourceTree = "<group>"; };
		9A35553F1B8B7B55003FBFD1 /* AppDelegate.h */ = {isa = PBXFileReference; lastKnownFileType = sourcecode.c.h; path = AppDelegate.h; sourceTree = "<group>"; };
		9A3555401B8B7B55003FBFD1 /* AppDelegate.m */ = {isa = PBXFileReference; lastKnownFileType = sourcecode.c.objc; path = AppDelegate.m; sourceTree = "<group>"; };
		9A3555421B8B7B55003FBFD1 /* ViewController.h */ = {isa = PBXFileReference; lastKnownFileType = sourcecode.c.h; path = ViewController.h; sourceTree = "<group>"; };
		9A3555431B8B7B55003FBFD1 /* ViewController.m */ = {isa = PBXFileReference; lastKnownFileType = sourcecode.c.objc; path = ViewController.m; sourceTree = "<group>"; };
		9A3555481B8B7B55003FBFD1 /* Images.xcassets */ = {isa = PBXFileReference; lastKnownFileType = folder.assetcatalog; path = Images.xcassets; sourceTree = "<group>"; };
		9A35554B1B8B7B55003FBFD1 /* Base */ = {isa = PBXFileReference; lastKnownFileType = file.xib; name = Base; path = Base.lproj/LaunchScreen.xib; sourceTree = "<group>"; };
		9A3555511B8B7B55003FBFD1 /* BlocBrowserTests.xctest */ = {isa = PBXFileReference; explicitFileType = wrapper.cfbundle; includeInIndex = 0; path = BlocBrowserTests.xctest; sourceTree = BUILT_PRODUCTS_DIR; };
		9A3555561B8B7B55003FBFD1 /* Info.plist */ = {isa = PBXFileReference; lastKnownFileType = text.plist.xml; path = Info.plist; sourceTree = "<group>"; };
		9A3555571B8B7B55003FBFD1 /* BlocBrowserTests.m */ = {isa = PBXFileReference; lastKnownFileType = sourcecode.c.objc; path = BlocBrowserTests.m; sourceTree = "<group>"; };
		9A3555611B8BB550003FBFD1 /* AwesomeFloatingToolbar.h */ = {isa = PBXFileReference; fileEncoding = 4; lastKnownFileType = sourcecode.c.h; path = AwesomeFloatingToolbar.h; sourceTree = "<group>"; };
		9A3555621B8BB550003FBFD1 /* AwesomeFloatingToolbar.m */ = {isa = PBXFileReference; fileEncoding = 4; lastKnownFileType = sourcecode.c.objc; path = AwesomeFloatingToolbar.m; sourceTree = "<group>"; };
		9AB7CF1B1B8BF52A00D01AC9 /* RZDataBinding.framework */ = {isa = PBXFileReference; lastKnownFileType = wrapper.framework; name = RZDataBinding.framework; path = "Pods/../build/Debug-iphoneos/RZDataBinding.framework"; sourceTree = "<group>"; };
		A66C1B48002F4CA27859788D /* Pods-BlocBrowser.release.xcconfig */ = {isa = PBXFileReference; includeInIndex = 1; lastKnownFileType = text.xcconfig; name = "Pods-BlocBrowser.release.xcconfig"; path = "Pods/Target Support Files/Pods-BlocBrowser/Pods-BlocBrowser.release.xcconfig"; sourceTree = "<group>"; };
		CF17A4535B8A9D71BDA56EB2 /* libPods-BlocBrowser.a */ = {isa = PBXFileReference; explicitFileType = archive.ar; includeInIndex = 0; path = "libPods-BlocBrowser.a"; sourceTree = BUILT_PRODUCTS_DIR; };
/* End PBXFileReference section */

/* Begin PBXFrameworksBuildPhase section */
		9A3555351B8B7B55003FBFD1 /* Frameworks */ = {
			isa = PBXFrameworksBuildPhase;
			buildActionMask = 2147483647;
			files = (
				67A367011356DBE75CBE57AA /* libPods-BlocBrowser.a in Frameworks */,
			);
			runOnlyForDeploymentPostprocessing = 0;
		};
		9A35554E1B8B7B55003FBFD1 /* Frameworks */ = {
			isa = PBXFrameworksBuildPhase;
			buildActionMask = 2147483647;
			files = (
			);
			runOnlyForDeploymentPostprocessing = 0;
		};
/* End PBXFrameworksBuildPhase section */

/* Begin PBXGroup section */
		8A70D8C2CC8E031BB2B01107 /* Frameworks */ = {
			isa = PBXGroup;
			children = (
				9AB7CF1B1B8BF52A00D01AC9 /* RZDataBinding.framework */,
				CF17A4535B8A9D71BDA56EB2 /* libPods-BlocBrowser.a */,
			);
			name = Frameworks;
			sourceTree = "<group>";
		};
		92822CA87C5E356D33BCF3FA /* Pods */ = {
			isa = PBXGroup;
			children = (
				25E2CD9B85998EDDB9E7ECE5 /* Pods-BlocBrowser.debug.xcconfig */,
				A66C1B48002F4CA27859788D /* Pods-BlocBrowser.release.xcconfig */,
			);
			name = Pods;
			sourceTree = "<group>";
		};
		9A35552F1B8B7B55003FBFD1 = {
			isa = PBXGroup;
			children = (
				9A35553A1B8B7B55003FBFD1 /* BlocBrowser */,
				9A3555541B8B7B55003FBFD1 /* BlocBrowserTests */,
				9A3555391B8B7B55003FBFD1 /* Products */,
				92822CA87C5E356D33BCF3FA /* Pods */,
				8A70D8C2CC8E031BB2B01107 /* Frameworks */,
			);
			sourceTree = "<group>";
		};
		9A3555391B8B7B55003FBFD1 /* Products */ = {
			isa = PBXGroup;
			children = (
				9A3555381B8B7B55003FBFD1 /* BlocBrowser.app */,
				9A3555511B8B7B55003FBFD1 /* BlocBrowserTests.xctest */,
			);
			name = Products;
			sourceTree = "<group>";
		};
		9A35553A1B8B7B55003FBFD1 /* BlocBrowser */ = {
			isa = PBXGroup;
			children = (
				9A35553F1B8B7B55003FBFD1 /* AppDelegate.h */,
				9A3555401B8B7B55003FBFD1 /* AppDelegate.m */,
				9A3555421B8B7B55003FBFD1 /* ViewController.h */,
				9A3555431B8B7B55003FBFD1 /* ViewController.m */,
				9A3555611B8BB550003FBFD1 /* AwesomeFloatingToolbar.h */,
				9A3555621B8BB550003FBFD1 /* AwesomeFloatingToolbar.m */,
				9A3555481B8B7B55003FBFD1 /* Images.xcassets */,
				9A35554A1B8B7B55003FBFD1 /* LaunchScreen.xib */,
				9A35553B1B8B7B55003FBFD1 /* Supporting Files */,
			);
			path = BlocBrowser;
			sourceTree = "<group>";
		};
		9A35553B1B8B7B55003FBFD1 /* Supporting Files */ = {
			isa = PBXGroup;
			children = (
				9A35553C1B8B7B55003FBFD1 /* Info.plist */,
				9A35553D1B8B7B55003FBFD1 /* main.m */,
			);
			name = "Supporting Files";
			sourceTree = "<group>";
		};
		9A3555541B8B7B55003FBFD1 /* BlocBrowserTests */ = {
			isa = PBXGroup;
			children = (
				9A3555571B8B7B55003FBFD1 /* BlocBrowserTests.m */,
				9A3555551B8B7B55003FBFD1 /* Supporting Files */,
			);
			path = BlocBrowserTests;
			sourceTree = "<group>";
		};
		9A3555551B8B7B55003FBFD1 /* Supporting Files */ = {
			isa = PBXGroup;
			children = (
				9A3555561B8B7B55003FBFD1 /* Info.plist */,
			);
			name = "Supporting Files";
			sourceTree = "<group>";
		};
/* End PBXGroup section */

/* Begin PBXNativeTarget section */
		9A3555371B8B7B55003FBFD1 /* BlocBrowser */ = {
			isa = PBXNativeTarget;
			buildConfigurationList = 9A35555B1B8B7B55003FBFD1 /* Build configuration list for PBXNativeTarget "BlocBrowser" */;
			buildPhases = (
				308A7B91BE61049F93414E61 /* Check Pods Manifest.lock */,
				9A3555341B8B7B55003FBFD1 /* Sources */,
				9A3555351B8B7B55003FBFD1 /* Frameworks */,
				9A3555361B8B7B55003FBFD1 /* Resources */,
				F7AC0E47AB3DD3D89320F846 /* Copy Pods Resources */,
			);
			buildRules = (
			);
			dependencies = (
			);
			name = BlocBrowser;
			productName = BlocBrowser;
			productReference = 9A3555381B8B7B55003FBFD1 /* BlocBrowser.app */;
			productType = "com.apple.product-type.application";
		};
		9A3555501B8B7B55003FBFD1 /* BlocBrowserTests */ = {
			isa = PBXNativeTarget;
			buildConfigurationList = 9A35555E1B8B7B55003FBFD1 /* Build configuration list for PBXNativeTarget "BlocBrowserTests" */;
			buildPhases = (
				9A35554D1B8B7B55003FBFD1 /* Sources */,
				9A35554E1B8B7B55003FBFD1 /* Frameworks */,
				9A35554F1B8B7B55003FBFD1 /* Resources */,
			);
			buildRules = (
			);
			dependencies = (
				9A3555531B8B7B55003FBFD1 /* PBXTargetDependency */,
			);
			name = BlocBrowserTests;
			productName = BlocBrowserTests;
			productReference = 9A3555511B8B7B55003FBFD1 /* BlocBrowserTests.xctest */;
			productType = "com.apple.product-type.bundle.unit-test";
		};
/* End PBXNativeTarget section */

/* Begin PBXProject section */
		9A3555301B8B7B55003FBFD1 /* Project object */ = {
			isa = PBXProject;
			attributes = {
				LastUpgradeCheck = 0640;
				ORGANIZATIONNAME = Bloc;
				TargetAttributes = {
					9A3555371B8B7B55003FBFD1 = {
						CreatedOnToolsVersion = 6.4;
					};
					9A3555501B8B7B55003FBFD1 = {
						CreatedOnToolsVersion = 6.4;
						TestTargetID = 9A3555371B8B7B55003FBFD1;
					};
				};
			};
			buildConfigurationList = 9A3555331B8B7B55003FBFD1 /* Build configuration list for PBXProject "BlocBrowser" */;
			compatibilityVersion = "Xcode 3.2";
			developmentRegion = English;
			hasScannedForEncodings = 0;
			knownRegions = (
				en,
				Base,
			);
			mainGroup = 9A35552F1B8B7B55003FBFD1;
			productRefGroup = 9A3555391B8B7B55003FBFD1 /* Products */;
			projectDirPath = "";
			projectRoot = "";
			targets = (
				9A3555371B8B7B55003FBFD1 /* BlocBrowser */,
				9A3555501B8B7B55003FBFD1 /* BlocBrowserTests */,
			);
		};
/* End PBXProject section */

/* Begin PBXResourcesBuildPhase section */
		9A3555361B8B7B55003FBFD1 /* Resources */ = {
			isa = PBXResourcesBuildPhase;
			buildActionMask = 2147483647;
			files = (
				9A35554C1B8B7B55003FBFD1 /* LaunchScreen.xib in Resources */,
				9A3555491B8B7B55003FBFD1 /* Images.xcassets in Resources */,
			);
			runOnlyForDeploymentPostprocessing = 0;
		};
		9A35554F1B8B7B55003FBFD1 /* Resources */ = {
			isa = PBXResourcesBuildPhase;
			buildActionMask = 2147483647;
			files = (
			);
			runOnlyForDeploymentPostprocessing = 0;
		};
/* End PBXResourcesBuildPhase section */

/* Begin PBXShellScriptBuildPhase section */
		308A7B91BE61049F93414E61 /* Check Pods Manifest.lock */ = {
			isa = PBXShellScriptBuildPhase;
			buildActionMask = 2147483647;
			files = (
			);
			inputPaths = (
			);
			name = "Check Pods Manifest.lock";
			outputPaths = (
			);
			runOnlyForDeploymentPostprocessing = 0;
			shellPath = /bin/sh;
			shellScript = "diff \"${PODS_ROOT}/../Podfile.lock\" \"${PODS_ROOT}/Manifest.lock\" > /dev/null\nif [[ $? != 0 ]] ; then\n    cat << EOM\nerror: The sandbox is not in sync with the Podfile.lock. Run 'pod install' or update your CocoaPods installation.\nEOM\n    exit 1\nfi\n";
			showEnvVarsInLog = 0;
		};
		F7AC0E47AB3DD3D89320F846 /* Copy Pods Resources */ = {
			isa = PBXShellScriptBuildPhase;
			buildActionMask = 2147483647;
			files = (
			);
			inputPaths = (
			);
			name = "Copy Pods Resources";
			outputPaths = (
			);
			runOnlyForDeploymentPostprocessing = 0;
			shellPath = /bin/sh;
			shellScript = "\"${SRCROOT}/Pods/Target Support Files/Pods-BlocBrowser/Pods-BlocBrowser-resources.sh\"\n";
			showEnvVarsInLog = 0;
		};
/* End PBXShellScriptBuildPhase section */

/* Begin PBXSourcesBuildPhase section */
		9A3555341B8B7B55003FBFD1 /* Sources */ = {
			isa = PBXSourcesBuildPhase;
			buildActionMask = 2147483647;
			files = (
				9A3555441B8B7B55003FBFD1 /* ViewController.m in Sources */,
				9A3555411B8B7B55003FBFD1 /* AppDelegate.m in Sources */,
				9A35553E1B8B7B55003FBFD1 /* main.m in Sources */,
				9A3555631B8BB550003FBFD1 /* AwesomeFloatingToolbar.m in Sources */,
			);
			runOnlyForDeploymentPostprocessing = 0;
		};
		9A35554D1B8B7B55003FBFD1 /* Sources */ = {
			isa = PBXSourcesBuildPhase;
			buildActionMask = 2147483647;
			files = (
				9A3555581B8B7B55003FBFD1 /* BlocBrowserTests.m in Sources */,
			);
			runOnlyForDeploymentPostprocessing = 0;
		};
/* End PBXSourcesBuildPhase section */

/* Begin PBXTargetDependency section */
		9A3555531B8B7B55003FBFD1 /* PBXTargetDependency */ = {
			isa = PBXTargetDependency;
			target = 9A3555371B8B7B55003FBFD1 /* BlocBrowser */;
			targetProxy = 9A3555521B8B7B55003FBFD1 /* PBXContainerItemProxy */;
		};
/* End PBXTargetDependency section */

/* Begin PBXVariantGroup section */
		9A35554A1B8B7B55003FBFD1 /* LaunchScreen.xib */ = {
			isa = PBXVariantGroup;
			children = (
				9A35554B1B8B7B55003FBFD1 /* Base */,
			);
			name = LaunchScreen.xib;
			sourceTree = "<group>";
		};
/* End PBXVariantGroup section */

/* Begin XCBuildConfiguration section */
		9A3555591B8B7B55003FBFD1 /* Debug */ = {
			isa = XCBuildConfiguration;
			buildSettings = {
				ALWAYS_SEARCH_USER_PATHS = NO;
				CLANG_CXX_LANGUAGE_STANDARD = "gnu++0x";
				CLANG_CXX_LIBRARY = "libc++";
				CLANG_ENABLE_MODULES = YES;
				CLANG_ENABLE_OBJC_ARC = YES;
				CLANG_WARN_BOOL_CONVERSION = YES;
				CLANG_WARN_CONSTANT_CONVERSION = YES;
				CLANG_WARN_DIRECT_OBJC_ISA_USAGE = YES_ERROR;
				CLANG_WARN_EMPTY_BODY = YES;
				CLANG_WARN_ENUM_CONVERSION = YES;
				CLANG_WARN_INT_CONVERSION = YES;
				CLANG_WARN_OBJC_ROOT_CLASS = YES_ERROR;
				CLANG_WARN_UNREACHABLE_CODE = YES;
				CLANG_WARN__DUPLICATE_METHOD_MATCH = YES;
				"CODE_SIGN_IDENTITY[sdk=iphoneos*]" = "iPhone Developer";
				COPY_PHASE_STRIP = NO;
				DEBUG_INFORMATION_FORMAT = "dwarf-with-dsym";
				ENABLE_STRICT_OBJC_MSGSEND = YES;
				GCC_C_LANGUAGE_STANDARD = gnu99;
				GCC_DYNAMIC_NO_PIC = NO;
				GCC_NO_COMMON_BLOCKS = YES;
				GCC_OPTIMIZATION_LEVEL = 0;
				GCC_PREPROCESSOR_DEFINITIONS = (
					"DEBUG=1",
					"$(inherited)",
				);
				GCC_SYMBOLS_PRIVATE_EXTERN = NO;
				GCC_WARN_64_TO_32_BIT_CONVERSION = YES;
				GCC_WARN_ABOUT_RETURN_TYPE = YES_ERROR;
				GCC_WARN_UNDECLARED_SELECTOR = YES;
				GCC_WARN_UNINITIALIZED_AUTOS = YES_AGGRESSIVE;
				GCC_WARN_UNUSED_FUNCTION = YES;
				GCC_WARN_UNUSED_VARIABLE = YES;
				IPHONEOS_DEPLOYMENT_TARGET = 8.4;
				MTL_ENABLE_DEBUG_INFO = YES;
				ONLY_ACTIVE_ARCH = YES;
				SDKROOT = iphoneos;
				TARGETED_DEVICE_FAMILY = "1,2";
			};
			name = Debug;
		};
		9A35555A1B8B7B55003FBFD1 /* Release */ = {
			isa = XCBuildConfiguration;
			buildSettings = {
				ALWAYS_SEARCH_USER_PATHS = NO;
				CLANG_CXX_LANGUAGE_STANDARD = "gnu++0x";
				CLANG_CXX_LIBRARY = "libc++";
				CLANG_ENABLE_MODULES = YES;
				CLANG_ENABLE_OBJC_ARC = YES;
				CLANG_WARN_BOOL_CONVERSION = YES;
				CLANG_WARN_CONSTANT_CONVERSION = YES;
				CLANG_WARN_DIRECT_OBJC_ISA_USAGE = YES_ERROR;
				CLANG_WARN_EMPTY_BODY = YES;
				CLANG_WARN_ENUM_CONVERSION = YES;
				CLANG_WARN_INT_CONVERSION = YES;
				CLANG_WARN_OBJC_ROOT_CLASS = YES_ERROR;
				CLANG_WARN_UNREACHABLE_CODE = YES;
				CLANG_WARN__DUPLICATE_METHOD_MATCH = YES;
				"CODE_SIGN_IDENTITY[sdk=iphoneos*]" = "iPhone Developer";
				COPY_PHASE_STRIP = NO;
				DEBUG_INFORMATION_FORMAT = "dwarf-with-dsym";
				ENABLE_NS_ASSERTIONS = NO;
				ENABLE_STRICT_OBJC_MSGSEND = YES;
				GCC_C_LANGUAGE_STANDARD = gnu99;
				GCC_NO_COMMON_BLOCKS = YES;
				GCC_WARN_64_TO_32_BIT_CONVERSION = YES;
				GCC_WARN_ABOUT_RETURN_TYPE = YES_ERROR;
				GCC_WARN_UNDECLARED_SELECTOR = YES;
				GCC_WARN_UNINITIALIZED_AUTOS = YES_AGGRESSIVE;
				GCC_WARN_UNUSED_FUNCTION = YES;
				GCC_WARN_UNUSED_VARIABLE = YES;
				IPHONEOS_DEPLOYMENT_TARGET = 8.4;
				MTL_ENABLE_DEBUG_INFO = NO;
				SDKROOT = iphoneos;
				TARGETED_DEVICE_FAMILY = "1,2";
				VALIDATE_PRODUCT = YES;
			};
			name = Release;
		};
		9A35555C1B8B7B55003FBFD1 /* Debug */ = {
			isa = XCBuildConfiguration;
			baseConfigurationReference = 25E2CD9B85998EDDB9E7ECE5 /* Pods-BlocBrowser.debug.xcconfig */;
			buildSettings = {
				ASSETCATALOG_COMPILER_APPICON_NAME = AppIcon;
				FRAMEWORK_SEARCH_PATHS = (
					"$(inherited)",
					"$(PROJECT_DIR)/build/Debug-iphoneos",
				);
				INFOPLIST_FILE = BlocBrowser/Info.plist;
				LD_RUNPATH_SEARCH_PATHS = "$(inherited) @executable_path/Frameworks";
				PRODUCT_NAME = "$(TARGET_NAME)";
			};
			name = Debug;
		};
		9A35555D1B8B7B55003FBFD1 /* Release */ = {
			isa = XCBuildConfiguration;
			baseConfigurationReference = A66C1B48002F4CA27859788D /* Pods-BlocBrowser.release.xcconfig */;
			buildSettings = {
				ASSETCATALOG_COMPILER_APPICON_NAME = AppIcon;
				FRAMEWORK_SEARCH_PATHS = (
					"$(inherited)",
					"$(PROJECT_DIR)/build/Debug-iphoneos",
				);
				INFOPLIST_FILE = BlocBrowser/Info.plist;
				LD_RUNPATH_SEARCH_PATHS = "$(inherited) @executable_path/Frameworks";
				PRODUCT_NAME = "$(TARGET_NAME)";
			};
			name = Release;
		};
		9A35555F1B8B7B55003FBFD1 /* Debug */ = {
			isa = XCBuildConfiguration;
			baseConfigurationReference = 25E2CD9B85998EDDB9E7ECE5 /* Pods-BlocBrowser.debug.xcconfig */;
			buildSettings = {
				BUNDLE_LOADER = "$(TEST_HOST)";
				FRAMEWORK_SEARCH_PATHS = (
					"$(SDKROOT)/Developer/Library/Frameworks",
					"$(inherited)",
				);
				GCC_PREPROCESSOR_DEFINITIONS = (
					"DEBUG=1",
					"$(inherited)",
				);
				INFOPLIST_FILE = BlocBrowserTests/Info.plist;
				LD_RUNPATH_SEARCH_PATHS = "$(inherited) @executable_path/Frameworks @loader_path/Frameworks";
				PRODUCT_NAME = "$(TARGET_NAME)";
				TEST_HOST = "$(BUILT_PRODUCTS_DIR)/BlocBrowser.app/BlocBrowser";
			};
			name = Debug;
		};
		9A3555601B8B7B55003FBFD1 /* Release */ = {
			isa = XCBuildConfiguration;
			baseConfigurationReference = A66C1B48002F4CA27859788D /* Pods-BlocBrowser.release.xcconfig */;
			buildSettings = {
				BUNDLE_LOADER = "$(TEST_HOST)";
				FRAMEWORK_SEARCH_PATHS = (
					"$(SDKROOT)/Developer/Library/Frameworks",
					"$(inherited)",
				);
				INFOPLIST_FILE = BlocBrowserTests/Info.plist;
				LD_RUNPATH_SEARCH_PATHS = "$(inherited) @executable_path/Frameworks @loader_path/Frameworks";
				PRODUCT_NAME = "$(TARGET_NAME)";
				TEST_HOST = "$(BUILT_PRODUCTS_DIR)/BlocBrowser.app/BlocBrowser";
			};
			name = Release;
		};
/* End XCBuildConfiguration section */

/* Begin XCConfigurationList section */
		9A3555331B8B7B55003FBFD1 /* Build configuration list for PBXProject "BlocBrowser" */ = {
			isa = XCConfigurationList;
			buildConfigurations = (
				9A3555591B8B7B55003FBFD1 /* Debug */,
				9A35555A1B8B7B55003FBFD1 /* Release */,
			);
			defaultConfigurationIsVisible = 0;
			defaultConfigurationName = Release;
		};
		9A35555B1B8B7B55003FBFD1 /* Build configuration list for PBXNativeTarget "BlocBrowser" */ = {
			isa = XCConfigurationList;
			buildConfigurations = (
				9A35555C1B8B7B55003FBFD1 /* Debug */,
				9A35555D1B8B7B55003FBFD1 /* Release */,
			);
			defaultConfigurationIsVisible = 0;
			defaultConfigurationName = Release;
		};
		9A35555E1B8B7B55003FBFD1 /* Build configuration list for PBXNativeTarget "BlocBrowserTests" */ = {
			isa = XCConfigurationList;
			buildConfigurations = (
				9A35555F1B8B7B55003FBFD1 /* Debug */,
				9A3555601B8B7B55003FBFD1 /* Release */,
			);
			defaultConfigurationIsVisible = 0;
			defaultConfigurationName = Release;
		};
/* End XCConfigurationList section */
	};
	rootObject = 9A3555301B8B7B55003FBFD1 /* Project object */;
}
